version = 1
revision = 2
requires-python = ">=3.12"

[[package]]
name = "astroid"
version = "3.3.11"
source = { registry = "https://piwheels.org/simple" }
wheels = [
    { url = "https://piwheels.org/simple/astroid/astroid-3.3.11-py3-none-any.whl", hash = "sha256:bff059c797b3200464dd43fa01a306c5a78c47ccc6d75be6bee245f8b5ab7369" },
]

[[package]]
name = "black"
version = "25.1.0"
source = { registry = "https://piwheels.org/simple" }
dependencies = [
    { name = "click" },
    { name = "mypy-extensions" },
    { name = "packaging" },
    { name = "pathspec" },
    { name = "platformdirs" },
]
wheels = [
    { url = "https://piwheels.org/simple/black/black-25.1.0-py3-none-any.whl", hash = "sha256:95e8176dae143ba9097f351d174fdaf0ccd29efb414b362ae3fd72bf0f710717" },
]

[[package]]
name = "click"
version = "8.2.1"
source = { registry = "https://piwheels.org/simple" }
dependencies = [
    { name = "colorama", marker = "sys_platform == 'win32'" },
]
wheels = [
    { url = "https://piwheels.org/simple/click/click-8.2.1-py3-none-any.whl", hash = "sha256:9df4cd4d89a9ef8a7f88e33e1bef831d7d75ef6c1ba2b327e7d452986df3a72b" },
]

[[package]]
name = "colorama"
version = "0.4.6"
source = { registry = "https://piwheels.org/simple" }
wheels = [
    { url = "https://piwheels.org/simple/colorama/colorama-0.4.6-py2.py3-none-any.whl", hash = "sha256:4f1d9991f5acc0ca119f9d443620b77f9d6b33703e51011c16baf57afb285fc6" },
]

[[package]]
name = "dill"
version = "0.4.0"
source = { registry = "https://piwheels.org/simple" }
wheels = [
    { url = "https://piwheels.org/simple/dill/dill-0.4.0-py3-none-any.whl", hash = "sha256:632f22c61395ffcbdb41df1a2ce4a2b9c9f79a5f76b6eae68b18882e78f6a8ef" },
]

[[package]]
name = "gurux-common"
version = "1.0.13"
source = { registry = "https://piwheels.org/simple" }
wheels = [
    { url = "https://piwheels.org/simple/gurux-common/gurux_common-1.0.13-py3-none-any.whl", hash = "sha256:c2a55b6512787ac17d06121c9f535eb17bc2f43ebe043236bcfd07cea3ab7463" },
]

[[package]]
name = "gurux-dlms"
version = "1.0.185"
source = { registry = "https://piwheels.org/simple" }
wheels = [
    { url = "https://archive1.piwheels.org/simple/gurux-dlms/gurux_dlms-1.0.185-py3-none-any.whl", hash = "sha256:771848af82af98b7a52cd4d42710f3abf9a395291c52f0be28081546ed5769fe" },
]

[[package]]
name = "gurux-net"
version = "1.0.23"
source = { registry = "https://piwheels.org/simple" }
dependencies = [
    { name = "gurux-common" },
]
wheels = [
    { url = "https://archive1.piwheels.org/simple/gurux-net/gurux_net-1.0.23-py3-none-any.whl", hash = "sha256:4d973718d9716a2ed2f4e964f4b0d943974040573a14c5ffa59ca7cc8fb673b4" },
]

[[package]]
name = "gurux-serial"
version = "1.0.21"
source = { registry = "https://piwheels.org/simple" }
dependencies = [
    { name = "gurux-common" },
]
wheels = [
    { url = "https://piwheels.org/simple/gurux-serial/gurux_serial-1.0.21-py3-none-any.whl", hash = "sha256:e2c01304ec19dfe4ab7359baefd1f7ba29635bf42fb1429e9b7b8ace61b91baa" },
]

[[package]]
name = "isort"
version = "6.0.1"
source = { registry = "https://piwheels.org/simple" }
wheels = [
    { url = "https://piwheels.org/simple/isort/isort-6.0.1-py3-none-any.whl", hash = "sha256:2dc5d7f65c9678d94c88dfc29161a320eec67328bc97aad576874cb4be1e9615" },
]

[[package]]
name = "lxml"
version = "5.0.2"
source = { registry = "https://piwheels.org/simple" }
wheels = [
    { url = "https://piwheels.org/simple/lxml/lxml-5.0.2-cp313-cp313-linux_armv6l.whl", hash = "sha256:c1f85876ceae3692569ccacc3106b1c2c4a13c4b8c64c83c9f4e8e01ba9d6576" },
    { url = "https://piwheels.org/simple/lxml/lxml-5.0.2-cp313-cp313-linux_armv7l.whl", hash = "sha256:c1f85876ceae3692569ccacc3106b1c2c4a13c4b8c64c83c9f4e8e01ba9d6576" },
]

[[package]]
name = "mccabe"
version = "0.7.0"
source = { registry = "https://piwheels.org/simple" }
wheels = [
    { url = "https://piwheels.org/simple/mccabe/mccabe-0.7.0-py2.py3-none-any.whl", hash = "sha256:afd5dbbfbc7a5c66374ba2c14777063ec6fb2f0218bf1de55c65dbcf8a7f053d" },
]

[[package]]
name = "mypy-extensions"
version = "1.1.0"
source = { registry = "https://piwheels.org/simple" }
wheels = [
    { url = "https://piwheels.org/simple/mypy-extensions/mypy_extensions-1.1.0-py3-none-any.whl", hash = "sha256:1be4cccdb0f2482337c4743e60421de3a356cd97508abadd57d47403e94f5505" },
]

[[package]]
name = "packaging"
version = "25.0"
source = { registry = "https://piwheels.org/simple" }
wheels = [
    { url = "https://piwheels.org/simple/packaging/packaging-25.0-py3-none-any.whl", hash = "sha256:bd91186a348e752eeeeb453625db388df0b4694a67c4eeb66a08bbedb5b9afd0" },
]

[[package]]
name = "pathspec"
version = "0.12.1"
source = { registry = "https://piwheels.org/simple" }
wheels = [
    { url = "https://piwheels.org/simple/pathspec/pathspec-0.12.1-py3-none-any.whl", hash = "sha256:abdf2ccde2babf20f12de0f090074ebea14a544ece6a038e20fb5e000a30e869" },
]

[[package]]
name = "platformdirs"
version = "4.4.0"
source = { registry = "https://piwheels.org/simple" }
wheels = [
    { url = "https://piwheels.org/simple/platformdirs/platformdirs-4.4.0-py3-none-any.whl", hash = "sha256:abd01743f24e5287cd7a5db3752faf1a2d65353f38ec26d98e25a6db65958c85" },
]

[[package]]
name = "pylint"
version = "3.3.8"
source = { registry = "https://piwheels.org/simple" }
dependencies = [
    { name = "astroid" },
    { name = "colorama", marker = "sys_platform == 'win32'" },
    { name = "dill" },
    { name = "isort" },
    { name = "mccabe" },
    { name = "platformdirs" },
    { name = "tomlkit" },
]
wheels = [
    { url = "https://piwheels.org/simple/pylint/pylint-3.3.8-py3-none-any.whl", hash = "sha256:012206609a513172423331c26fa03c35fc454b54f895b265bc30d790d41b42dd" },
]

[[package]]
name = "pyyaml"
version = "6.0.2"
source = { registry = "https://piwheels.org/simple" }
wheels = [
    { url = "https://piwheels.org/simple/pyyaml/pyyaml-6.0.2-cp313-cp313-linux_armv6l.whl", hash = "sha256:bb46ee84f353e4275d4053cea305eeb1bf01bbb4cf3a08dbca7eb1a2562419fd" },
    { url = "https://piwheels.org/simple/pyyaml/pyyaml-6.0.2-cp313-cp313-linux_armv7l.whl", hash = "sha256:bb46ee84f353e4275d4053cea305eeb1bf01bbb4cf3a08dbca7eb1a2562419fd" },
]

[[package]]
name = "tomlkit"
version = "0.13.3"
source = { registry = "https://piwheels.org/simple" }
wheels = [
    { url = "https://piwheels.org/simple/tomlkit/tomlkit-0.13.3-py3-none-any.whl", hash = "sha256:c89c649d79ee40629a9fda55f8ace8c6a1b42deb912b2a8fd8d942ddadb606b0" },
]

[[package]]
name = "victron-dlms-reader"
version = "0.1.0"
source = { virtual = "." }
dependencies = [
    { name = "gurux-common" },
    { name = "gurux-dlms" },
    { name = "gurux-net" },
    { name = "gurux-serial" },
    { name = "lxml" },
    { name = "pyyaml" },
]

[package.dev-dependencies]
dev = [
    { name = "black" },
    { name = "pylint" },
]

[package.metadata]
requires-dist = [
    { name = "gurux-common", specifier = "==1.0.13" },
    { name = "gurux-dlms", specifier = "==1.0.185" },
    { name = "gurux-net", specifier = "==1.0.23" },
    { name = "gurux-serial", specifier = "==1.0.21" },
    { name = "lxml", specifier = "==5.0.2" },
    { name = "pyyaml", specifier = "~=6.0.2" },
]

[package.metadata.requires-dev]
dev = [
    { name = "black", specifier = ">=25.1.0" },
    { name = "pylint", specifier = ">=3.2.0" },
]
