version = 1
requires-python = ">=3.12"

[[package]]
name = "gurux-common"
version = "1.0.13"
source = { registry = "https://pypi.org/simple" }
sdist = { url = "https://files.pythonhosted.org/packages/dd/b2/9c92b62f2b1b2324fa3f9310a14b27ab3b8c5d426191f3b849e4fef84c1f/gurux_common-1.0.13.tar.gz", hash = "sha256:6a38e3b2ab9ac6c7e7d2c64799931323742b7af085db0cc1a5603a89525e0248", size = 7703 }
wheels = [
    { url = "https://files.pythonhosted.org/packages/4b/b2/a6b683d414250c06fc23838fafe76c3f0ac8c79f162900ccab7cc1b5166e/gurux_common-1.0.13-py3-none-any.whl", hash = "sha256:c2a55b6512787ac17d06121c9f535eb17bc2f43ebe043236bcfd07cea3ab7463", size = 27996 },
]

[[package]]
name = "gurux-dlms"
version = "1.0.185"
source = { registry = "https://pypi.org/simple" }
sdist = { url = "https://files.pythonhosted.org/packages/79/c3/4acfa82c95ee645e448df465e6183a41adcf6c705535053e5342ecc342f5/gurux_dlms-1.0.185.tar.gz", hash = "sha256:ed5b65c40f3e8724fc394c18ef2e5d2d43e0b744c6b0113817d60678d45c79f1", size = 326738 }
wheels = [
    { url = "https://files.pythonhosted.org/packages/17/44/e44818374c9254884c6fddd6be166fab9593e7cca86b44874f7be4a799a7/gurux_dlms-1.0.185-py3-none-any.whl", hash = "sha256:10b479f791a82b401f796abab6136fc715ec5d395ff70d0b38db088161e37113", size = 609092 },
]

[[package]]
name = "gurux-net"
version = "1.0.23"
source = { registry = "https://pypi.org/simple" }
dependencies = [
    { name = "gurux-common" },
]
sdist = { url = "https://files.pythonhosted.org/packages/26/1c/dae1c0d3e49434dbbf253a145a3bcd758de6c39e6225f5ceeb8ac82c2b93/gurux_net-1.0.23.tar.gz", hash = "sha256:623e8ee36749126bcfb23d37554bee4070052fb17de4eee0bb21dcc8c3781ee6", size = 19489 }
wheels = [
    { url = "https://files.pythonhosted.org/packages/66/40/118fe7c7a509210fa38d1a1719f368eb4dcbbb19e29a5e35c3a82ebdd9bc/gurux_net-1.0.23-py3-none-any.whl", hash = "sha256:0335f4f94d8bce74a8eb554c72f5eb6d773b9f989bc73116485fce0efa6eb1e6", size = 23857 },
]

[[package]]
name = "gurux-serial"
version = "1.0.21"
source = { registry = "https://pypi.org/simple" }
dependencies = [
    { name = "gurux-common" },
]
sdist = { url = "https://files.pythonhosted.org/packages/47/4c/12dbd036a4b1a8c82a256061b9d1dd7823f83e043ac911816376ee4abe03/gurux_serial-1.0.21.tar.gz", hash = "sha256:97d55fa062b4d4d4bd65b0d886302754ffe87e4c22caff9f532bf3895d269bc9", size = 24907 }
wheels = [
    { url = "https://files.pythonhosted.org/packages/a5/24/f1455afa767b648bde0d97407bb90850e61347c161b1e8c2122e2fd24cd3/gurux_serial-1.0.21-py3-none-any.whl", hash = "sha256:39798af3451066cb9af3e87c8360b3aa16c6fdaf59117e336bea2b762a57959d", size = 29938 },
]

[[package]]
name = "lxml"
version = "5.0.2"
source = { registry = "https://pypi.org/simple" }
sdist = { url = "https://files.pythonhosted.org/packages/72/14/60bf9ba4b5c6d001af3b93be17a442deea8b1ce0eab2911de839cb0dfd3f/lxml-5.0.2.tar.gz", hash = "sha256:6399703c40ba53e2c3b72fdb56cb908d2b83c08082ecf17de839b27e68d1e598", size = 3862433 }
wheels = [
    { url = "https://files.pythonhosted.org/packages/40/44/eab55ccbb01f449bc4d52f0f6b85bfff020209c92fed1c966e4179e51648/lxml-5.0.2-cp312-cp312-macosx_11_0_universal2.whl", hash = "sha256:b732e568c1ed61a97c0d3b8bf4493e3a4a1569cd646a6ab877719810dd9598f2", size = 8793797 },
    { url = "https://files.pythonhosted.org/packages/a1/6f/cca8c73fa4cbadcc7722fe8345b126477e426e90fbb47fdfedc8c515fdcb/lxml-5.0.2-cp312-cp312-manylinux_2_28_aarch64.whl", hash = "sha256:082febfe07a24b3852000af00b8f9f2d1c4bd9d65ff0a744d0e01820e31f6d80", size = 7804307 },
    { url = "https://files.pythonhosted.org/packages/4a/71/784c77acb92da4c37d8dd34988a67a3a74eb93a2fc02a9499cbff6730edd/lxml-5.0.2-cp312-cp312-manylinux_2_28_x86_64.whl", hash = "sha256:d0c5c64b3217ebc03e1185711e022d47b45ecfd3b8484feb407f44a1ea8b6576", size = 8148452 },
    { url = "https://files.pythonhosted.org/packages/27/c8/bbac6408505fd8014b9124e2425709c8554b89f5d1f8e839d8ae97db3573/lxml-5.0.2-cp312-cp312-musllinux_1_1_aarch64.whl", hash = "sha256:fb850c0cd7f5c1a668ff54a65c18909374b05885ff09cd560e7e3d1df2c9cfb1", size = 7690203 },
    { url = "https://files.pythonhosted.org/packages/89/5b/65fe0b56a3f5f9229a2fd2b39fc9c31a78582fceebaca87c81fe6656f0f5/lxml-5.0.2-cp312-cp312-musllinux_1_1_x86_64.whl", hash = "sha256:4e3141a086ee2eddf7f4fba7434d9c1c8fa3253538d569c3350e5255964bfabe", size = 7969874 },
    { url = "https://files.pythonhosted.org/packages/46/74/d67d721ad9ef1a6434fccbf47787fbb3041495ba15e521baf513d6ebc725/lxml-5.0.2-cp312-cp312-win_amd64.whl", hash = "sha256:e753f8e0197a19716f73f5f1941f62169b66d8f47d85d75d096a065f962e5061", size = 3912660 },
]

[[package]]
name = "pyyaml"
version = "6.0.2"
source = { registry = "https://pypi.org/simple" }
sdist = { url = "https://files.pythonhosted.org/packages/54/ed/79a089b6be93607fa5cdaedf301d7dfb23af5f25c398d5ead2525b063e17/pyyaml-6.0.2.tar.gz", hash = "sha256:d584d9ec91ad65861cc08d42e834324ef890a082e591037abe114850ff7bbc3e", size = 130631 }
wheels = [
    { url = "https://files.pythonhosted.org/packages/86/0c/c581167fc46d6d6d7ddcfb8c843a4de25bdd27e4466938109ca68492292c/PyYAML-6.0.2-cp312-cp312-macosx_10_9_x86_64.whl", hash = "sha256:c70c95198c015b85feafc136515252a261a84561b7b1d51e3384e0655ddf25ab", size = 183873 },
    { url = "https://files.pythonhosted.org/packages/a8/0c/38374f5bb272c051e2a69281d71cba6fdb983413e6758b84482905e29a5d/PyYAML-6.0.2-cp312-cp312-macosx_11_0_arm64.whl", hash = "sha256:ce826d6ef20b1bc864f0a68340c8b3287705cae2f8b4b1d932177dcc76721725", size = 173302 },
    { url = "https://files.pythonhosted.org/packages/c3/93/9916574aa8c00aa06bbac729972eb1071d002b8e158bd0e83a3b9a20a1f7/PyYAML-6.0.2-cp312-cp312-manylinux_2_17_aarch64.manylinux2014_aarch64.whl", hash = "sha256:1f71ea527786de97d1a0cc0eacd1defc0985dcf6b3f17bb77dcfc8c34bec4dc5", size = 739154 },
    { url = "https://files.pythonhosted.org/packages/95/0f/b8938f1cbd09739c6da569d172531567dbcc9789e0029aa070856f123984/PyYAML-6.0.2-cp312-cp312-manylinux_2_17_s390x.manylinux2014_s390x.whl", hash = "sha256:9b22676e8097e9e22e36d6b7bda33190d0d400f345f23d4065d48f4ca7ae0425", size = 766223 },
    { url = "https://files.pythonhosted.org/packages/b9/2b/614b4752f2e127db5cc206abc23a8c19678e92b23c3db30fc86ab731d3bd/PyYAML-6.0.2-cp312-cp312-manylinux_2_17_x86_64.manylinux2014_x86_64.whl", hash = "sha256:80bab7bfc629882493af4aa31a4cfa43a4c57c83813253626916b8c7ada83476", size = 767542 },
    { url = "https://files.pythonhosted.org/packages/d4/00/dd137d5bcc7efea1836d6264f049359861cf548469d18da90cd8216cf05f/PyYAML-6.0.2-cp312-cp312-musllinux_1_1_aarch64.whl", hash = "sha256:0833f8694549e586547b576dcfaba4a6b55b9e96098b36cdc7ebefe667dfed48", size = 731164 },
    { url = "https://files.pythonhosted.org/packages/c9/1f/4f998c900485e5c0ef43838363ba4a9723ac0ad73a9dc42068b12aaba4e4/PyYAML-6.0.2-cp312-cp312-musllinux_1_1_x86_64.whl", hash = "sha256:8b9c7197f7cb2738065c481a0461e50ad02f18c78cd75775628afb4d7137fb3b", size = 756611 },
    { url = "https://files.pythonhosted.org/packages/df/d1/f5a275fdb252768b7a11ec63585bc38d0e87c9e05668a139fea92b80634c/PyYAML-6.0.2-cp312-cp312-win32.whl", hash = "sha256:ef6107725bd54b262d6dedcc2af448a266975032bc85ef0172c5f059da6325b4", size = 140591 },
    { url = "https://files.pythonhosted.org/packages/0c/e8/4f648c598b17c3d06e8753d7d13d57542b30d56e6c2dedf9c331ae56312e/PyYAML-6.0.2-cp312-cp312-win_amd64.whl", hash = "sha256:7e7401d0de89a9a855c839bc697c079a4af81cf878373abd7dc625847d25cbd8", size = 156338 },
    { url = "https://files.pythonhosted.org/packages/ef/e3/3af305b830494fa85d95f6d95ef7fa73f2ee1cc8ef5b495c7c3269fb835f/PyYAML-6.0.2-cp313-cp313-macosx_10_13_x86_64.whl", hash = "sha256:efdca5630322a10774e8e98e1af481aad470dd62c3170801852d752aa7a783ba", size = 181309 },
    { url = "https://files.pythonhosted.org/packages/45/9f/3b1c20a0b7a3200524eb0076cc027a970d320bd3a6592873c85c92a08731/PyYAML-6.0.2-cp313-cp313-macosx_11_0_arm64.whl", hash = "sha256:50187695423ffe49e2deacb8cd10510bc361faac997de9efef88badc3bb9e2d1", size = 171679 },
    { url = "https://files.pythonhosted.org/packages/7c/9a/337322f27005c33bcb656c655fa78325b730324c78620e8328ae28b64d0c/PyYAML-6.0.2-cp313-cp313-manylinux_2_17_aarch64.manylinux2014_aarch64.whl", hash = "sha256:0ffe8360bab4910ef1b9e87fb812d8bc0a308b0d0eef8c8f44e0254ab3b07133", size = 733428 },
    { url = "https://files.pythonhosted.org/packages/a3/69/864fbe19e6c18ea3cc196cbe5d392175b4cf3d5d0ac1403ec3f2d237ebb5/PyYAML-6.0.2-cp313-cp313-manylinux_2_17_s390x.manylinux2014_s390x.whl", hash = "sha256:17e311b6c678207928d649faa7cb0d7b4c26a0ba73d41e99c4fff6b6c3276484", size = 763361 },
    { url = "https://files.pythonhosted.org/packages/04/24/b7721e4845c2f162d26f50521b825fb061bc0a5afcf9a386840f23ea19fa/PyYAML-6.0.2-cp313-cp313-manylinux_2_17_x86_64.manylinux2014_x86_64.whl", hash = "sha256:70b189594dbe54f75ab3a1acec5f1e3faa7e8cf2f1e08d9b561cb41b845f69d5", size = 759523 },
    { url = "https://files.pythonhosted.org/packages/2b/b2/e3234f59ba06559c6ff63c4e10baea10e5e7df868092bf9ab40e5b9c56b6/PyYAML-6.0.2-cp313-cp313-musllinux_1_1_aarch64.whl", hash = "sha256:41e4e3953a79407c794916fa277a82531dd93aad34e29c2a514c2c0c5fe971cc", size = 726660 },
    { url = "https://files.pythonhosted.org/packages/fe/0f/25911a9f080464c59fab9027482f822b86bf0608957a5fcc6eaac85aa515/PyYAML-6.0.2-cp313-cp313-musllinux_1_1_x86_64.whl", hash = "sha256:68ccc6023a3400877818152ad9a1033e3db8625d899c72eacb5a668902e4d652", size = 751597 },
    { url = "https://files.pythonhosted.org/packages/14/0d/e2c3b43bbce3cf6bd97c840b46088a3031085179e596d4929729d8d68270/PyYAML-6.0.2-cp313-cp313-win32.whl", hash = "sha256:bc2fa7c6b47d6bc618dd7fb02ef6fdedb1090ec036abab80d4681424b84c1183", size = 140527 },
    { url = "https://files.pythonhosted.org/packages/fa/de/02b54f42487e3d3c6efb3f89428677074ca7bf43aae402517bc7cca949f3/PyYAML-6.0.2-cp313-cp313-win_amd64.whl", hash = "sha256:8388ee1976c416731879ac16da0aff3f63b286ffdd57cdeb95f3f2e085687563", size = 156446 },
]

[[package]]
name = "victron-dlms-reader"
version = "0.1.0"
source = { virtual = "." }
dependencies = [
    { name = "gurux-common" },
    { name = "gurux-dlms" },
    { name = "gurux-net" },
    { name = "gurux-serial" },
    { name = "lxml" },
    { name = "pyyaml" },
]

[package.metadata]
requires-dist = [
    { name = "gurux-common", specifier = "==1.0.13" },
    { name = "gurux-dlms", specifier = "==1.0.185" },
    { name = "gurux-net", specifier = "==1.0.23" },
    { name = "gurux-serial", specifier = "==1.0.21" },
    { name = "lxml", specifier = "==5.0.2" },
    { name = "pyyaml", specifier = "~=6.0.2" },
]
